
Microsoft Visual Studio Solution File, Format Version 12.00
# Visual Studio 15
VisualStudioVersion = 15.0.28010.2003
MinimumVisualStudioVersion = 10.0.40219.1
Project("{FAE04EC0-301F-11D3-BF4B-00C04F79EFBC}") = "MovieApp", "MovieApp\MovieApp.csproj", "{DD960F10-190B-4AC2-9755-149FA8A6ED6D}"
EndProject
Global
	GlobalSection(SolutionConfigurationPlatforms) = preSolution
		Debug|Any CPU = Debug|Any CPU
		Release|Any CPU = Release|Any CPU
	EndGlobalSection
	GlobalSection(ProjectConfigurationPlatforms) = postSolution
		{DD960F10-190B-4AC2-9755-149FA8A6ED6D}.Debug|Any CPU.ActiveCfg = Debug|Any CPU
		{DD960F10-190B-4AC2-9755-149FA8A6ED6D}.Debug|Any CPU.Build.0 = Debug|Any CPU
		{DD960F10-190B-4AC2-9755-149FA8A6ED6D}.Release|Any CPU.ActiveCfg = Release|Any CPU
		{DD960F10-190B-4AC2-9755-149FA8A6ED6D}.Release|Any CPU.Build.0 = Release|Any CPU
	EndGlobalSection
	GlobalSection(SolutionProperties) = preSolution
		HideSolutionNode = FALSE
	EndGlobalSection
	GlobalSection(ExtensibilityGlobals) = postSolution
		SolutionGuid = {09C9E94C-F12C-48A2-A08C-8EF8CFB208F9}
	EndGlobalSection
EndGlobal
